
Microsoft Visual Studio Solution File, Format Version 12.00
# Visual Studio 2013
VisualStudioVersion = 12.0.31101.0
MinimumVisualStudioVersion = 10.0.40219.1
Project("{FAE04EC0-301F-11D3-BF4B-00C04F79EFBC}") = "Daidan.Web", "Daidan.Web\Daidan.Web.csproj", "{BD71AA87-1B0F-4AC1-9BE4-CAE3D94D4FF0}"
EndProject
Project("{FAE04EC0-301F-11D3-BF4B-00C04F79EFBC}") = "Daidan.Entities", "Daidan.Entities\Daidan.Entities.csproj", "{F26BCEDA-1B1F-472C-81C4-18FF2C00B782}"
EndProject
Project("{FAE04EC0-301F-11D3-BF4B-00C04F79EFBC}") = "Daidan.Domain", "Daidan.Domain\Daidan.Domain.csproj", "{EBDE6F38-BEC9-432B-B735-85CC17A825F2}"
EndProject
Global
	GlobalSection(SolutionConfigurationPlatforms) = preSolution
		Debug|Any CPU = Debug|Any CPU
		Release|Any CPU = Release|Any CPU
	EndGlobalSection
	GlobalSection(ProjectConfigurationPlatforms) = postSolution
		{BD71AA87-1B0F-4AC1-9BE4-CAE3D94D4FF0}.Debug|Any CPU.ActiveCfg = Debug|Any CPU
		{BD71AA87-1B0F-4AC1-9BE4-CAE3D94D4FF0}.Debug|Any CPU.Build.0 = Debug|Any CPU
		{BD71AA87-1B0F-4AC1-9BE4-CAE3D94D4FF0}.Release|Any CPU.ActiveCfg = Release|Any CPU
		{BD71AA87-1B0F-4AC1-9BE4-CAE3D94D4FF0}.Release|Any CPU.Build.0 = Release|Any CPU
		{F26BCEDA-1B1F-472C-81C4-18FF2C00B782}.Debug|Any CPU.ActiveCfg = Debug|Any CPU
		{F26BCEDA-1B1F-472C-81C4-18FF2C00B782}.Debug|Any CPU.Build.0 = Debug|Any CPU
		{F26BCEDA-1B1F-472C-81C4-18FF2C00B782}.Release|Any CPU.ActiveCfg = Release|Any CPU
		{F26BCEDA-1B1F-472C-81C4-18FF2C00B782}.Release|Any CPU.Build.0 = Release|Any CPU
		{EBDE6F38-BEC9-432B-B735-85CC17A825F2}.Debug|Any CPU.ActiveCfg = Debug|Any CPU
		{EBDE6F38-BEC9-432B-B735-85CC17A825F2}.Debug|Any CPU.Build.0 = Debug|Any CPU
		{EBDE6F38-BEC9-432B-B735-85CC17A825F2}.Release|Any CPU.ActiveCfg = Release|Any CPU
		{EBDE6F38-BEC9-432B-B735-85CC17A825F2}.Release|Any CPU.Build.0 = Release|Any CPU
	EndGlobalSection
	GlobalSection(SolutionProperties) = preSolution
		HideSolutionNode = FALSE
	EndGlobalSection
EndGlobal
